
Microsoft Visual Studio Solution File, Format Version 12.00
# Visual Studio Version 16
VisualStudioVersion = 16.0.29926.136
MinimumVisualStudioVersion = 10.0.40219.1
Project("{FAE04EC0-301F-11D3-BF4B-00C04F79EFBC}") = "Bibliotheque", "Bibliotheque.csproj", "{B8A2984B-9FE5-40DC-905B-58976270225B}"
EndProject
Global
	GlobalSection(SolutionConfigurationPlatforms) = preSolution
		Debug|Any CPU = Debug|Any CPU
		Release|Any CPU = Release|Any CPU
	EndGlobalSection
	GlobalSection(ProjectConfigurationPlatforms) = postSolution
		{B8A2984B-9FE5-40DC-905B-58976270225B}.Debug|Any CPU.ActiveCfg = Debug|Any CPU
		{B8A2984B-9FE5-40DC-905B-58976270225B}.Debug|Any CPU.Build.0 = Debug|Any CPU
		{B8A2984B-9FE5-40DC-905B-58976270225B}.Release|Any CPU.ActiveCfg = Release|Any CPU
		{B8A2984B-9FE5-40DC-905B-58976270225B}.Release|Any CPU.Build.0 = Release|Any CPU
	EndGlobalSection
	GlobalSection(SolutionProperties) = preSolution
		HideSolutionNode = FALSE
	EndGlobalSection
	GlobalSection(ExtensibilityGlobals) = postSolution
		SolutionGuid = {9C1EEF67-FC05-4E3B-817F-5EE802CD5776}
	EndGlobalSection
EndGlobal
